
Microsoft Visual Studio Solution File, Format Version 12.00
# Visual Studio Version 16
VisualStudioVersion = 16.0.31702.278
MinimumVisualStudioVersion = 10.0.40219.1
Project("{9A19103F-16F7-4668-BE54-9A1E7A4F7556}") = "ConnectToCRM", "ConnectToCRM\ConnectToCRM.csproj", "{08B8D418-69A4-4547-98CB-1A1051571324}"
EndProject
Project("{FAE04EC0-301F-11D3-BF4B-00C04F79EFBC}") = "UpdateHierarchyLevel", "UpdateHierarchyLevel\UpdateHierarchyLevel.csproj", "{1C351804-4B9A-4DF1-803A-D170042C6840}"
EndProject
Global
	GlobalSection(SolutionConfigurationPlatforms) = preSolution
		Debug|Any CPU = Debug|Any CPU
		Release|Any CPU = Release|Any CPU
	EndGlobalSection
	GlobalSection(ProjectConfigurationPlatforms) = postSolution
		{08B8D418-69A4-4547-98CB-1A1051571324}.Debug|Any CPU.ActiveCfg = Debug|Any CPU
		{08B8D418-69A4-4547-98CB-1A1051571324}.Debug|Any CPU.Build.0 = Debug|Any CPU
		{08B8D418-69A4-4547-98CB-1A1051571324}.Release|Any CPU.ActiveCfg = Release|Any CPU
		{08B8D418-69A4-4547-98CB-1A1051571324}.Release|Any CPU.Build.0 = Release|Any CPU
		{1C351804-4B9A-4DF1-803A-D170042C6840}.Debug|Any CPU.ActiveCfg = Debug|Any CPU
		{1C351804-4B9A-4DF1-803A-D170042C6840}.Debug|Any CPU.Build.0 = Debug|Any CPU
		{1C351804-4B9A-4DF1-803A-D170042C6840}.Release|Any CPU.ActiveCfg = Release|Any CPU
		{1C351804-4B9A-4DF1-803A-D170042C6840}.Release|Any CPU.Build.0 = Release|Any CPU
	EndGlobalSection
	GlobalSection(SolutionProperties) = preSolution
		HideSolutionNode = FALSE
	EndGlobalSection
	GlobalSection(ExtensibilityGlobals) = postSolution
		SolutionGuid = {4DE86580-52A3-4964-8E48-EF71456C2B44}
	EndGlobalSection
EndGlobal
